
Microsoft Visual Studio Solution File, Format Version 12.00
# Visual Studio Version 16
VisualStudioVersion = 16.0.30104.148
MinimumVisualStudioVersion = 10.0.40219.1
Project("{FAE04EC0-301F-11D3-BF4B-00C04F79EFBC}") = "XO", "XO\XO.csproj", "{AE66A655-DE00-439F-9DE1-BF68E02B12DB}"
EndProject
Global
	GlobalSection(SolutionConfigurationPlatforms) = preSolution
		Debug|Any CPU = Debug|Any CPU
		Release|Any CPU = Release|Any CPU
	EndGlobalSection
	GlobalSection(ProjectConfigurationPlatforms) = postSolution
		{AE66A655-DE00-439F-9DE1-BF68E02B12DB}.Debug|Any CPU.ActiveCfg = Debug|Any CPU
		{AE66A655-DE00-439F-9DE1-BF68E02B12DB}.Debug|Any CPU.Build.0 = Debug|Any CPU
		{AE66A655-DE00-439F-9DE1-BF68E02B12DB}.Release|Any CPU.ActiveCfg = Release|Any CPU
		{AE66A655-DE00-439F-9DE1-BF68E02B12DB}.Release|Any CPU.Build.0 = Release|Any CPU
	EndGlobalSection
	GlobalSection(SolutionProperties) = preSolution
		HideSolutionNode = FALSE
	EndGlobalSection
	GlobalSection(ExtensibilityGlobals) = postSolution
		SolutionGuid = {65232B2B-9A90-4206-8DEA-2C7A55D5105F}
	EndGlobalSection
EndGlobal
